// !$*UTF8*$!
{
	archiveVersion = 1;
	classes = {
	};
	objectVersion = 50;
	objects = {

/* Begin PBXBuildFile section */
		930F69E521121B7C004A4EE5 /* Helpers.swift in Sources */ = {isa = PBXBuildFile; fileRef = 930F69E421121B7C004A4EE5 /* Helpers.swift */; };
		930F69E821169735004A4EE5 /* concentration_game_example.png in Resources */ = {isa = PBXBuildFile; fileRef = 930F69E721169735004A4EE5 /* concentration_game_example.png */; };
		93701F85210AB4AA005F2562 /* Card.swift in Sources */ = {isa = PBXBuildFile; fileRef = 93701F84210AB4AA005F2562 /* Card.swift */; };
		93701F89210ABF62005F2562 /* ConcentrationGame.swift in Sources */ = {isa = PBXBuildFile; fileRef = 93701F88210ABF62005F2562 /* ConcentrationGame.swift */; };
		93701F8C210E4FE5005F2562 /* Theme.swift in Sources */ = {isa = PBXBuildFile; fileRef = 93701F8B210E4FE5005F2562 /* Theme.swift */; };
		93D777FE20F300CC009CF0CA /* AppDelegate.swift in Sources */ = {isa = PBXBuildFile; fileRef = 93D777FD20F300CC009CF0CA /* AppDelegate.swift */; };
		93D7780020F300CC009CF0CA /* ViewController.swift in Sources */ = {isa = PBXBuildFile; fileRef = 93D777FF20F300CC009CF0CA /* ViewController.swift */; };
		93D7780320F300CC009CF0CA /* Main.storyboard in Resources */ = {isa = PBXBuildFile; fileRef = 93D7780120F300CC009CF0CA /* Main.storyboard */; };
		93D7780520F300D2009CF0CA /* Assets.xcassets in Resources */ = {isa = PBXBuildFile; fileRef = 93D7780420F300D2009CF0CA /* Assets.xcassets */; };
		93D7780820F300D2009CF0CA /* LaunchScreen.storyboard in Resources */ = {isa = PBXBuildFile; fileRef = 93D7780620F300D2009CF0CA /* LaunchScreen.storyboard */; };
/* End PBXBuildFile section */

/* Begin PBXFileReference section */
		930F69E421121B7C004A4EE5 /* Helpers.swift */ = {isa = PBXFileReference; lastKnownFileType = sourcecode.swift; path = Helpers.swift; sourceTree = "<group>"; };
		930F69E62116953E004A4EE5 /* README.md */ = {isa = PBXFileReference; lastKnownFileType = net.daringfireball.markdown; path = README.md; sourceTree = "<group>"; };
		930F69E721169735004A4EE5 /* concentration_game_example.png */ = {isa = PBXFileReference; lastKnownFileType = image.png; name = concentration_game_example.png; path = ../../../Desktop/concentration_game_example.png; sourceTree = "<group>"; };
		930F69E92116A4C4004A4EE5 /* LICENSE.md */ = {isa = PBXFileReference; lastKnownFileType = net.daringfireball.markdown; path = LICENSE.md; sourceTree = "<group>"; };
		93701F84210AB4AA005F2562 /* Card.swift */ = {isa = PBXFileReference; lastKnownFileType = sourcecode.swift; path = Card.swift; sourceTree = "<group>"; };
		93701F88210ABF62005F2562 /* ConcentrationGame.swift */ = {isa = PBXFileReference; lastKnownFileType = sourcecode.swift; path = ConcentrationGame.swift; sourceTree = "<group>"; };
		93701F8B210E4FE5005F2562 /* Theme.swift */ = {isa = PBXFileReference; lastKnownFileType = sourcecode.swift; path = Theme.swift; sourceTree = "<group>"; };
		93D777FA20F300CC009CF0CA /* ConcentrationGameAssignment.app */ = {isa = PBXFileReference; explicitFileType = wrapper.application; includeInIndex = 0; path = ConcentrationGameAssignment.app; sourceTree = BUILT_PRODUCTS_DIR; };
		93D777FD20F300CC009CF0CA /* AppDelegate.swift */ = {isa = PBXFileReference; lastKnownFileType = sourcecode.swift; path = AppDelegate.swift; sourceTree = "<group>"; };
		93D777FF20F300CC009CF0CA /* ViewController.swift */ = {isa = PBXFileReference; lastKnownFileType = sourcecode.swift; path = ViewController.swift; sourceTree = "<group>"; };
		93D7780220F300CC009CF0CA /* Base */ = {isa = PBXFileReference; lastKnownFileType = file.storyboard; name = Base; path = Base.lproj/Main.storyboard; sourceTree = "<group>"; };
		93D7780420F300D2009CF0CA /* Assets.xcassets */ = {isa = PBXFileReference; lastKnownFileType = folder.assetcatalog; path = Assets.xcassets; sourceTree = "<group>"; };
		93D7780720F300D2009CF0CA /* Base */ = {isa = PBXFileReference; lastKnownFileType = file.storyboard; name = Base; path = Base.lproj/LaunchScreen.storyboard; sourceTree = "<group>"; };
		93D7780920F300D2009CF0CA /* Info.plist */ = {isa = PBXFileReference; lastKnownFileType = text.plist.xml; path = Info.plist; sourceTree = "<group>"; };
/* End PBXFileReference section */

/* Begin PBXFrameworksBuildPhase section */
		93D777F720F300CC009CF0CA /* Frameworks */ = {
			isa = PBXFrameworksBuildPhase;
			buildActionMask = 2147483647;
			files = (
			);
			runOnlyForDeploymentPostprocessing = 0;
		};
/* End PBXFrameworksBuildPhase section */

/* Begin PBXGroup section */
		930F69E321121B5B004A4EE5 /* Helpers */ = {
			isa = PBXGroup;
			children = (
				930F69E421121B7C004A4EE5 /* Helpers.swift */,
			);
			path = Helpers;
			sourceTree = "<group>";
		};
		93701F86210ABB41005F2562 /* Structs */ = {
			isa = PBXGroup;
			children = (
				93701F84210AB4AA005F2562 /* Card.swift */,
				93701F8B210E4FE5005F2562 /* Theme.swift */,
			);
			path = Structs;
			sourceTree = "<group>";
		};
		93701F87210ABB55005F2562 /* Controllers */ = {
			isa = PBXGroup;
			children = (
				93D777FF20F300CC009CF0CA /* ViewController.swift */,
			);
			path = Controllers;
			sourceTree = "<group>";
		};
		93701F8A210ABF6C005F2562 /* Models */ = {
			isa = PBXGroup;
			children = (
				93701F88210ABF62005F2562 /* ConcentrationGame.swift */,
			);
			path = Models;
			sourceTree = "<group>";
		};
		93BB83F420F590B000CB4958 /* Supportting Files */ = {
			isa = PBXGroup;
			children = (
				93D777FD20F300CC009CF0CA /* AppDelegate.swift */,
				93D7780420F300D2009CF0CA /* Assets.xcassets */,
				93D7780620F300D2009CF0CA /* LaunchScreen.storyboard */,
			);
			path = "Supportting Files";
			sourceTree = "<group>";
		};
		93D777F120F300CC009CF0CA = {
			isa = PBXGroup;
			children = (
				930F69E92116A4C4004A4EE5 /* LICENSE.md */,
				930F69E721169735004A4EE5 /* concentration_game_example.png */,
				930F69E62116953E004A4EE5 /* README.md */,
				93D777FC20F300CC009CF0CA /* ConcentrationGameAssignment */,
				93D777FB20F300CC009CF0CA /* Products */,
			);
			sourceTree = "<group>";
		};
		93D777FB20F300CC009CF0CA /* Products */ = {
			isa = PBXGroup;
			children = (
				93D777FA20F300CC009CF0CA /* ConcentrationGameAssignment.app */,
			);
			name = Products;
			sourceTree = "<group>";
		};
		93D777FC20F300CC009CF0CA /* ConcentrationGameAssignment */ = {
			isa = PBXGroup;
			children = (
				930F69E321121B5B004A4EE5 /* Helpers */,
				93BB83F420F590B000CB4958 /* Supportting Files */,
				93701F87210ABB55005F2562 /* Controllers */,
				93D7780120F300CC009CF0CA /* Main.storyboard */,
				93D7780920F300D2009CF0CA /* Info.plist */,
				93701F86210ABB41005F2562 /* Structs */,
				93701F8A210ABF6C005F2562 /* Models */,
			);
			path = ConcentrationGameAssignment;
			sourceTree = "<group>";
		};
/* End PBXGroup section */

/* Begin PBXNativeTarget section */
		93D777F920F300CC009CF0CA /* ConcentrationGameAssignment */ = {
			isa = PBXNativeTarget;
			buildConfigurationList = 93D7780C20F300D2009CF0CA /* Build configuration list for PBXNativeTarget "ConcentrationGameAssignment" */;
			buildPhases = (
				93D777F620F300CC009CF0CA /* Sources */,
				93D777F720F300CC009CF0CA /* Frameworks */,
				93D777F820F300CC009CF0CA /* Resources */,
			);
			buildRules = (
			);
			dependencies = (
			);
			name = ConcentrationGameAssignment;
			productName = ConcentrationGameAssignment;
			productReference = 93D777FA20F300CC009CF0CA /* ConcentrationGameAssignment.app */;
			productType = "com.apple.product-type.application";
		};
/* End PBXNativeTarget section */

/* Begin PBXProject section */
		93D777F220F300CC009CF0CA /* Project object */ = {
			isa = PBXProject;
			attributes = {
				LastSwiftUpdateCheck = 0940;
				LastUpgradeCheck = 0940;
				ORGANIZATIONNAME = "Reysmer Valle";
				TargetAttributes = {
					93D777F920F300CC009CF0CA = {
						CreatedOnToolsVersion = 9.4.1;
					};
				};
			};
			buildConfigurationList = 93D777F520F300CC009CF0CA /* Build configuration list for PBXProject "ConcentrationGameAssignment" */;
			compatibilityVersion = "Xcode 9.3";
			developmentRegion = en;
			hasScannedForEncodings = 0;
			knownRegions = (
				en,
				Base,
			);
			mainGroup = 93D777F120F300CC009CF0CA;
			productRefGroup = 93D777FB20F300CC009CF0CA /* Products */;
			projectDirPath = "";
			projectRoot = "";
			targets = (
				93D777F920F300CC009CF0CA /* ConcentrationGameAssignment */,
			);
		};
/* End PBXProject section */

/* Begin PBXResourcesBuildPhase section */
		93D777F820F300CC009CF0CA /* Resources */ = {
			isa = PBXResourcesBuildPhase;
			buildActionMask = 2147483647;
			files = (
				930F69E821169735004A4EE5 /* concentration_game_example.png in Resources */,
				93D7780820F300D2009CF0CA /* LaunchScreen.storyboard in Resources */,
				93D7780520F300D2009CF0CA /* Assets.xcassets in Resources */,
				93D7780320F300CC009CF0CA /* Main.storyboard in Resources */,
			);
			runOnlyForDeploymentPostprocessing = 0;
		};
/* End PBXResourcesBuildPhase section */

/* Begin PBXSourcesBuildPhase section */
		93D777F620F300CC009CF0CA /* Sources */ = {
			isa = PBXSourcesBuildPhase;
			buildActionMask = 2147483647;
			files = (
				93D7780020F300CC009CF0CA /* ViewController.swift in Sources */,
				930F69E521121B7C004A4EE5 /* Helpers.swift in Sources */,
				93701F85210AB4AA005F2562 /* Card.swift in Sources */,
				93701F8C210E4FE5005F2562 /* Theme.swift in Sources */,
				93D777FE20F300CC009CF0CA /* AppDelegate.swift in Sources */,
				93701F89210ABF62005F2562 /* ConcentrationGame.swift in Sources */,
			);
			runOnlyForDeploymentPostprocessing = 0;
		};
/* End PBXSourcesBuildPhase section */

/* Begin PBXVariantGroup section */
		93D7780120F300CC009CF0CA /* Main.storyboard */ = {
			isa = PBXVariantGroup;
			children = (
				93D7780220F300CC009CF0CA /* Base */,
			);
			name = Main.storyboard;
			sourceTree = "<group>";
		};
		93D7780620F300D2009CF0CA /* LaunchScreen.storyboard */ = {
			isa = PBXVariantGroup;
			children = (
				93D7780720F300D2009CF0CA /* Base */,
			);
			name = LaunchScreen.storyboard;
			sourceTree = "<group>";
		};
/* End PBXVariantGroup section */

/* Begin XCBuildConfiguration section */
		93D7780A20F300D2009CF0CA /* Debug */ = {
			isa = XCBuildConfiguration;
			buildSettings = {
				ALWAYS_SEARCH_USER_PATHS = NO;
				CLANG_ANALYZER_NONNULL = YES;
				CLANG_ANALYZER_NUMBER_OBJECT_CONVERSION = YES_AGGRESSIVE;
				CLANG_CXX_LANGUAGE_STANDARD = "gnu++14";
				CLANG_CXX_LIBRARY = "libc++";
				CLANG_ENABLE_MODULES = YES;
				CLANG_ENABLE_OBJC_ARC = YES;
				CLANG_ENABLE_OBJC_WEAK = YES;
				CLANG_WARN_BLOCK_CAPTURE_AUTORELEASING = YES;
				CLANG_WARN_BOOL_CONVERSION = YES;
				CLANG_WARN_COMMA = YES;
				CLANG_WARN_CONSTANT_CONVERSION = YES;
				CLANG_WARN_DEPRECATED_OBJC_IMPLEMENTATIONS = YES;
				CLANG_WARN_DIRECT_OBJC_ISA_USAGE = YES_ERROR;
				CLANG_WARN_DOCUMENTATION_COMMENTS = YES;
				CLANG_WARN_EMPTY_BODY = YES;
				CLANG_WARN_ENUM_CONVERSION = YES;
				CLANG_WARN_INFINITE_RECURSION = YES;
				CLANG_WARN_INT_CONVERSION = YES;
				CLANG_WARN_NON_LITERAL_NULL_CONVERSION = YES;
				CLANG_WARN_OBJC_IMPLICIT_RETAIN_SELF = YES;
				CLANG_WARN_OBJC_LITERAL_CONVERSION = YES;
				CLANG_WARN_OBJC_ROOT_CLASS = YES_ERROR;
				CLANG_WARN_RANGE_LOOP_ANALYSIS = YES;
				CLANG_WARN_STRICT_PROTOTYPES = YES;
				CLANG_WARN_SUSPICIOUS_MOVE = YES;
				CLANG_WARN_UNGUARDED_AVAILABILITY = YES_AGGRESSIVE;
				CLANG_WARN_UNREACHABLE_CODE = YES;
				CLANG_WARN__DUPLICATE_METHOD_MATCH = YES;
				CODE_SIGN_IDENTITY = "iPhone Developer";
				COPY_PHASE_STRIP = NO;
				DEBUG_INFORMATION_FORMAT = dwarf;
				ENABLE_STRICT_OBJC_MSGSEND = YES;
				ENABLE_TESTABILITY = YES;
				GCC_C_LANGUAGE_STANDARD = gnu11;
				GCC_DYNAMIC_NO_PIC = NO;
				GCC_NO_COMMON_BLOCKS = YES;
				GCC_OPTIMIZATION_LEVEL = 0;
				GCC_PREPROCESSOR_DEFINITIONS = (
					"DEBUG=1",
					"$(inherited)",
				);
				GCC_WARN_64_TO_32_BIT_CONVERSION = YES;
				GCC_WARN_ABOUT_RETURN_TYPE = YES_ERROR;
				GCC_WARN_UNDECLARED_SELECTOR = YES;
				GCC_WARN_UNINITIALIZED_AUTOS = YES_AGGRESSIVE;
				GCC_WARN_UNUSED_FUNCTION = YES;
				GCC_WARN_UNUSED_VARIABLE = YES;
				IPHONEOS_DEPLOYMENT_TARGET = 11.4;
				MTL_ENABLE_DEBUG_INFO = YES;
				ONLY_ACTIVE_ARCH = YES;
				SDKROOT = iphoneos;
				SWIFT_ACTIVE_COMPILATION_CONDITIONS = DEBUG;
				SWIFT_OPTIMIZATION_LEVEL = "-Onone";
			};
			name = Debug;
		};
		93D7780B20F300D2009CF0CA /* Release */ = {
			isa = XCBuildConfiguration;
			buildSettings = {
				ALWAYS_SEARCH_USER_PATHS = NO;
				CLANG_ANALYZER_NONNULL = YES;
				CLANG_ANALYZER_NUMBER_OBJECT_CONVERSION = YES_AGGRESSIVE;
				CLANG_CXX_LANGUAGE_STANDARD = "gnu++14";
				CLANG_CXX_LIBRARY = "libc++";
				CLANG_ENABLE_MODULES = YES;
				CLANG_ENABLE_OBJC_ARC = YES;
				CLANG_ENABLE_OBJC_WEAK = YES;
				CLANG_WARN_BLOCK_CAPTURE_AUTORELEASING = YES;
				CLANG_WARN_BOOL_CONVERSION = YES;
				CLANG_WARN_COMMA = YES;
				CLANG_WARN_CONSTANT_CONVERSION = YES;
				CLANG_WARN_DEPRECATED_OBJC_IMPLEMENTATIONS = YES;
				CLANG_WARN_DIRECT_OBJC_ISA_USAGE = YES_ERROR;
				CLANG_WARN_DOCUMENTATION_COMMENTS = YES;
				CLANG_WARN_EMPTY_BODY = YES;
				CLANG_WARN_ENUM_CONVERSION = YES;
				CLANG_WARN_INFINITE_RECURSION = YES;
				CLANG_WARN_INT_CONVERSION = YES;
				CLANG_WARN_NON_LITERAL_NULL_CONVERSION = YES;
				CLANG_WARN_OBJC_IMPLICIT_RETAIN_SELF = YES;
				CLANG_WARN_OBJC_LITERAL_CONVERSION = YES;
				CLANG_WARN_OBJC_ROOT_CLASS = YES_ERROR;
				CLANG_WARN_RANGE_LOOP_ANALYSIS = YES;
				CLANG_WARN_STRICT_PROTOTYPES = YES;
				CLANG_WARN_SUSPICIOUS_MOVE = YES;
				CLANG_WARN_UNGUARDED_AVAILABILITY = YES_AGGRESSIVE;
				CLANG_WARN_UNREACHABLE_CODE = YES;
				CLANG_WARN__DUPLICATE_METHOD_MATCH = YES;
				CODE_SIGN_IDENTITY = "iPhone Developer";
				COPY_PHASE_STRIP = NO;
				DEBUG_INFORMATION_FORMAT = "dwarf-with-dsym";
				ENABLE_NS_ASSERTIONS = NO;
				ENABLE_STRICT_OBJC_MSGSEND = YES;
				GCC_C_LANGUAGE_STANDARD = gnu11;
				GCC_NO_COMMON_BLOCKS = YES;
				GCC_WARN_64_TO_32_BIT_CONVERSION = YES;
				GCC_WARN_ABOUT_RETURN_TYPE = YES_ERROR;
				GCC_WARN_UNDECLARED_SELECTOR = YES;
				GCC_WARN_UNINITIALIZED_AUTOS = YES_AGGRESSIVE;
				GCC_WARN_UNUSED_FUNCTION = YES;
				GCC_WARN_UNUSED_VARIABLE = YES;
				IPHONEOS_DEPLOYMENT_TARGET = 11.4;
				MTL_ENABLE_DEBUG_INFO = NO;
				SDKROOT = iphoneos;
				SWIFT_COMPILATION_MODE = wholemodule;
				SWIFT_OPTIMIZATION_LEVEL = "-O";
				VALIDATE_PRODUCT = YES;
			};
			name = Release;
		};
		93D7780D20F300D2009CF0CA /* Debug */ = {
			isa = XCBuildConfiguration;
			buildSettings = {
				ASSETCATALOG_COMPILER_APPICON_NAME = AppIcon;
				CODE_SIGN_STYLE = Automatic;
				INFOPLIST_FILE = ConcentrationGameAssignment/Info.plist;
				LD_RUNPATH_SEARCH_PATHS = (
					"$(inherited)",
					"@executable_path/Frameworks",
				);
				PRODUCT_BUNDLE_IDENTIFIER = com.reysmervalle.ConcentrationGameAssignment;
				PRODUCT_NAME = "$(TARGET_NAME)";
				SWIFT_VERSION = 4.0;
				TARGETED_DEVICE_FAMILY = "1,2";
			};
			name = Debug;
		};
		93D7780E20F300D2009CF0CA /* Release */ = {
			isa = XCBuildConfiguration;
			buildSettings = {
				ASSETCATALOG_COMPILER_APPICON_NAME = AppIcon;
				CODE_SIGN_STYLE = Automatic;
				INFOPLIST_FILE = ConcentrationGameAssignment/Info.plist;
				LD_RUNPATH_SEARCH_PATHS = (
					"$(inherited)",
					"@executable_path/Frameworks",
				);
				PRODUCT_BUNDLE_IDENTIFIER = com.reysmervalle.ConcentrationGameAssignment;
				PRODUCT_NAME = "$(TARGET_NAME)";
				SWIFT_VERSION = 4.0;
				TARGETED_DEVICE_FAMILY = "1,2";
			};
			name = Release;
		};
/* End XCBuildConfiguration section */

/* Begin XCConfigurationList section */
		93D777F520F300CC009CF0CA /* Build configuration list for PBXProject "ConcentrationGameAssignment" */ = {
			isa = XCConfigurationList;
			buildConfigurations = (
				93D7780A20F300D2009CF0CA /* Debug */,
				93D7780B20F300D2009CF0CA /* Release */,
			);
			defaultConfigurationIsVisible = 0;
			defaultConfigurationName = Release;
		};
		93D7780C20F300D2009CF0CA /* Build configuration list for PBXNativeTarget "ConcentrationGameAssignment" */ = {
			isa = XCConfigurationList;
			buildConfigurations = (
				93D7780D20F300D2009CF0CA /* Debug */,
				93D7780E20F300D2009CF0CA /* Release */,
			);
			defaultConfigurationIsVisible = 0;
			defaultConfigurationName = Release;
		};
/* End XCConfigurationList section */
	};
	rootObject = 93D777F220F300CC009CF0CA /* Project object */;
}
